[[dependencies]]
name = "forge-std"
version = "1.9.5"
url = "https://soldeer-revisions.s3.amazonaws.com/forge-std/1_9_5_21-12-2024_15:04:05_forge-std-1.9.zip"
checksum = "57ada736f383289db77fac4472d48f820e7c98172cf9b01681b0c37065ce043f"
integrity = "4753ffdfa0dde40878372b6a4d8e8fd1648b190b33996896c8b92f6f1680850f"
